// !$*UTF8*$!
{
	archiveVersion = 1;
	classes = {
	};
	objectVersion = 46;
	objects = {

/* Begin PBXBuildFile section */
		301EF32A0693F1F4E3EDC28B /* Pods_Domashna_141156UITests.framework in Frameworks */ = {isa = PBXBuildFile; fileRef = C18E5044936D9E35123B11DF /* Pods_Domashna_141156UITests.framework */; };
		7C261AF9A32D1DDE6B586145 /* Pods_Domashna_141156.framework in Frameworks */ = {isa = PBXBuildFile; fileRef = 38F0F476250BB369AD91BA66 /* Pods_Domashna_141156.framework */; };
		B07B490E0C3622E6154DD109 /* Pods_Domashna_141156Tests.framework in Frameworks */ = {isa = PBXBuildFile; fileRef = 681C0CF2642BDCDA5BABAFEB /* Pods_Domashna_141156Tests.framework */; };
		D10CB8FC1EA12FB800329AA5 /* AppDelegate.swift in Sources */ = {isa = PBXBuildFile; fileRef = D10CB8FB1EA12FB800329AA5 /* AppDelegate.swift */; };
		D10CB9011EA12FB800329AA5 /* Main.storyboard in Resources */ = {isa = PBXBuildFile; fileRef = D10CB8FF1EA12FB800329AA5 /* Main.storyboard */; };
		D10CB9031EA12FB800329AA5 /* Assets.xcassets in Resources */ = {isa = PBXBuildFile; fileRef = D10CB9021EA12FB800329AA5 /* Assets.xcassets */; };
		D10CB9061EA12FB800329AA5 /* LaunchScreen.storyboard in Resources */ = {isa = PBXBuildFile; fileRef = D10CB9041EA12FB800329AA5 /* LaunchScreen.storyboard */; };
		D10CB9111EA12FB900329AA5 /* Domashna_141156Tests.swift in Sources */ = {isa = PBXBuildFile; fileRef = D10CB9101EA12FB900329AA5 /* Domashna_141156Tests.swift */; };
		D10CB91C1EA12FB900329AA5 /* Domashna_141156UITests.swift in Sources */ = {isa = PBXBuildFile; fileRef = D10CB91B1EA12FB900329AA5 /* Domashna_141156UITests.swift */; };
		D13888121EA138F300F33516 /* SideMenuTableViewController.swift in Sources */ = {isa = PBXBuildFile; fileRef = D13888111EA138F300F33516 /* SideMenuTableViewController.swift */; };
		D17900DB1EA3DBFF009EBF8F /* MapsAndLocationViewController.swift in Sources */ = {isa = PBXBuildFile; fileRef = D17900DA1EA3DBFF009EBF8F /* MapsAndLocationViewController.swift */; };
		D1E185131EA4BF81004CDBA7 /* GDCViewController.swift in Sources */ = {isa = PBXBuildFile; fileRef = D1E185121EA4BF81004CDBA7 /* GDCViewController.swift */; };
		D1E185151EA4C3C5004CDBA7 /* CameraViewController.swift in Sources */ = {isa = PBXBuildFile; fileRef = D1E185141EA4C3C5004CDBA7 /* CameraViewController.swift */; };
		D1E185171EA4D9EC004CDBA7 /* AccelerometerViewController.swift in Sources */ = {isa = PBXBuildFile; fileRef = D1E185161EA4D9EC004CDBA7 /* AccelerometerViewController.swift */; };
		D1E185191EA4EB3C004CDBA7 /* GoogleService-Info.plist in Resources */ = {isa = PBXBuildFile; fileRef = D1E185181EA4EB3C004CDBA7 /* GoogleService-Info.plist */; };
/* End PBXBuildFile section */

/* Begin PBXContainerItemProxy section */
		D10CB90D1EA12FB900329AA5 /* PBXContainerItemProxy */ = {
			isa = PBXContainerItemProxy;
			containerPortal = D10CB8F01EA12FB800329AA5 /* Project object */;
			proxyType = 1;
			remoteGlobalIDString = D10CB8F71EA12FB800329AA5;
			remoteInfo = Domashna_141156;
		};
		D10CB9181EA12FB900329AA5 /* PBXContainerItemProxy */ = {
			isa = PBXContainerItemProxy;
			containerPortal = D10CB8F01EA12FB800329AA5 /* Project object */;
			proxyType = 1;
			remoteGlobalIDString = D10CB8F71EA12FB800329AA5;
			remoteInfo = Domashna_141156;
		};
/* End PBXContainerItemProxy section */

/* Begin PBXFileReference section */
		17FC4E8A697381C267CF85FE /* Pods-Domashna_141156.debug.xcconfig */ = {isa = PBXFileReference; includeInIndex = 1; lastKnownFileType = text.xcconfig; name = "Pods-Domashna_141156.debug.xcconfig"; path = "Pods/Target Support Files/Pods-Domashna_141156/Pods-Domashna_141156.debug.xcconfig"; sourceTree = "<group>"; };
		1BFB98D04CED3FC4689E1B7C /* Pods-Domashna_141156Tests.release.xcconfig */ = {isa = PBXFileReference; includeInIndex = 1; lastKnownFileType = text.xcconfig; name = "Pods-Domashna_141156Tests.release.xcconfig"; path = "Pods/Target Support Files/Pods-Domashna_141156Tests/Pods-Domashna_141156Tests.release.xcconfig"; sourceTree = "<group>"; };
		38F0F476250BB369AD91BA66 /* Pods_Domashna_141156.framework */ = {isa = PBXFileReference; explicitFileType = wrapper.framework; includeInIndex = 0; path = Pods_Domashna_141156.framework; sourceTree = BUILT_PRODUCTS_DIR; };
		41690093AE3537CC0E9D3330 /* Pods-Domashna_141156Tests.debug.xcconfig */ = {isa = PBXFileReference; includeInIndex = 1; lastKnownFileType = text.xcconfig; name = "Pods-Domashna_141156Tests.debug.xcconfig"; path = "Pods/Target Support Files/Pods-Domashna_141156Tests/Pods-Domashna_141156Tests.debug.xcconfig"; sourceTree = "<group>"; };
		53CFC0885C29DED9C086A99C /* Pods-Domashna_141156UITests.debug.xcconfig */ = {isa = PBXFileReference; includeInIndex = 1; lastKnownFileType = text.xcconfig; name = "Pods-Domashna_141156UITests.debug.xcconfig"; path = "Pods/Target Support Files/Pods-Domashna_141156UITests/Pods-Domashna_141156UITests.debug.xcconfig"; sourceTree = "<group>"; };
		5612F3B5901191A3F87BFBF0 /* Pods-Domashna_141156UITests.release.xcconfig */ = {isa = PBXFileReference; includeInIndex = 1; lastKnownFileType = text.xcconfig; name = "Pods-Domashna_141156UITests.release.xcconfig"; path = "Pods/Target Support Files/Pods-Domashna_141156UITests/Pods-Domashna_141156UITests.release.xcconfig"; sourceTree = "<group>"; };
		6433F46878D593184F6D94F9 /* Pods-Domashna_141156.release.xcconfig */ = {isa = PBXFileReference; includeInIndex = 1; lastKnownFileType = text.xcconfig; name = "Pods-Domashna_141156.release.xcconfig"; path = "Pods/Target Support Files/Pods-Domashna_141156/Pods-Domashna_141156.release.xcconfig"; sourceTree = "<group>"; };
		681C0CF2642BDCDA5BABAFEB /* Pods_Domashna_141156Tests.framework */ = {isa = PBXFileReference; explicitFileType = wrapper.framework; includeInIndex = 0; path = Pods_Domashna_141156Tests.framework; sourceTree = BUILT_PRODUCTS_DIR; };
		C18E5044936D9E35123B11DF /* Pods_Domashna_141156UITests.framework */ = {isa = PBXFileReference; explicitFileType = wrapper.framework; includeInIndex = 0; path = Pods_Domashna_141156UITests.framework; sourceTree = BUILT_PRODUCTS_DIR; };
		D10CB8F81EA12FB800329AA5 /* Domashna_141156.app */ = {isa = PBXFileReference; explicitFileType = wrapper.application; includeInIndex = 0; path = Domashna_141156.app; sourceTree = BUILT_PRODUCTS_DIR; };
		D10CB8FB1EA12FB800329AA5 /* AppDelegate.swift */ = {isa = PBXFileReference; lastKnownFileType = sourcecode.swift; path = AppDelegate.swift; sourceTree = "<group>"; };
		D10CB9001EA12FB800329AA5 /* Base */ = {isa = PBXFileReference; lastKnownFileType = file.storyboard; name = Base; path = Base.lproj/Main.storyboard; sourceTree = "<group>"; };
		D10CB9021EA12FB800329AA5 /* Assets.xcassets */ = {isa = PBXFileReference; lastKnownFileType = folder.assetcatalog; path = Assets.xcassets; sourceTree = "<group>"; };
		D10CB9051EA12FB800329AA5 /* Base */ = {isa = PBXFileReference; lastKnownFileType = file.storyboard; name = Base; path = Base.lproj/LaunchScreen.storyboard; sourceTree = "<group>"; };
		D10CB9071EA12FB800329AA5 /* Info.plist */ = {isa = PBXFileReference; lastKnownFileType = text.plist.xml; path = Info.plist; sourceTree = "<group>"; };
		D10CB90C1EA12FB900329AA5 /* Domashna_141156Tests.xctest */ = {isa = PBXFileReference; explicitFileType = wrapper.cfbundle; includeInIndex = 0; path = Domashna_141156Tests.xctest; sourceTree = BUILT_PRODUCTS_DIR; };
		D10CB9101EA12FB900329AA5 /* Domashna_141156Tests.swift */ = {isa = PBXFileReference; lastKnownFileType = sourcecode.swift; path = Domashna_141156Tests.swift; sourceTree = "<group>"; };
		D10CB9121EA12FB900329AA5 /* Info.plist */ = {isa = PBXFileReference; lastKnownFileType = text.plist.xml; path = Info.plist; sourceTree = "<group>"; };
		D10CB9171EA12FB900329AA5 /* Domashna_141156UITests.xctest */ = {isa = PBXFileReference; explicitFileType = wrapper.cfbundle; includeInIndex = 0; path = Domashna_141156UITests.xctest; sourceTree = BUILT_PRODUCTS_DIR; };
		D10CB91B1EA12FB900329AA5 /* Domashna_141156UITests.swift */ = {isa = PBXFileReference; lastKnownFileType = sourcecode.swift; path = Domashna_141156UITests.swift; sourceTree = "<group>"; };
		D10CB91D1EA12FB900329AA5 /* Info.plist */ = {isa = PBXFileReference; lastKnownFileType = text.plist.xml; path = Info.plist; sourceTree = "<group>"; };
		D13888111EA138F300F33516 /* SideMenuTableViewController.swift */ = {isa = PBXFileReference; fileEncoding = 4; lastKnownFileType = sourcecode.swift; name = SideMenuTableViewController.swift; path = ../SideMenuTableViewController.swift; sourceTree = "<group>"; };
		D17900DA1EA3DBFF009EBF8F /* MapsAndLocationViewController.swift */ = {isa = PBXFileReference; fileEncoding = 4; lastKnownFileType = sourcecode.swift; path = MapsAndLocationViewController.swift; sourceTree = "<group>"; };
		D1E185121EA4BF81004CDBA7 /* GDCViewController.swift */ = {isa = PBXFileReference; fileEncoding = 4; lastKnownFileType = sourcecode.swift; path = GDCViewController.swift; sourceTree = "<group>"; };
		D1E185141EA4C3C5004CDBA7 /* CameraViewController.swift */ = {isa = PBXFileReference; fileEncoding = 4; lastKnownFileType = sourcecode.swift; path = CameraViewController.swift; sourceTree = "<group>"; };
		D1E185161EA4D9EC004CDBA7 /* AccelerometerViewController.swift */ = {isa = PBXFileReference; fileEncoding = 4; lastKnownFileType = sourcecode.swift; path = AccelerometerViewController.swift; sourceTree = "<group>"; };
		D1E185181EA4EB3C004CDBA7 /* GoogleService-Info.plist */ = {isa = PBXFileReference; fileEncoding = 4; lastKnownFileType = text.plist.xml; path = "GoogleService-Info.plist"; sourceTree = "<group>"; };
/* End PBXFileReference section */

/* Begin PBXFrameworksBuildPhase section */
		D10CB8F51EA12FB800329AA5 /* Frameworks */ = {
			isa = PBXFrameworksBuildPhase;
			buildActionMask = 2147483647;
			files = (
				7C261AF9A32D1DDE6B586145 /* Pods_Domashna_141156.framework in Frameworks */,
			);
			runOnlyForDeploymentPostprocessing = 0;
		};
		D10CB9091EA12FB900329AA5 /* Frameworks */ = {
			isa = PBXFrameworksBuildPhase;
			buildActionMask = 2147483647;
			files = (
				B07B490E0C3622E6154DD109 /* Pods_Domashna_141156Tests.framework in Frameworks */,
			);
			runOnlyForDeploymentPostprocessing = 0;
		};
		D10CB9141EA12FB900329AA5 /* Frameworks */ = {
			isa = PBXFrameworksBuildPhase;
			buildActionMask = 2147483647;
			files = (
				301EF32A0693F1F4E3EDC28B /* Pods_Domashna_141156UITests.framework in Frameworks */,
			);
			runOnlyForDeploymentPostprocessing = 0;
		};
/* End PBXFrameworksBuildPhase section */

/* Begin PBXGroup section */
		BE5207E48A994FBDA7CEBB93 /* Pods */ = {
			isa = PBXGroup;
			children = (
				17FC4E8A697381C267CF85FE /* Pods-Domashna_141156.debug.xcconfig */,
				6433F46878D593184F6D94F9 /* Pods-Domashna_141156.release.xcconfig */,
				41690093AE3537CC0E9D3330 /* Pods-Domashna_141156Tests.debug.xcconfig */,
				1BFB98D04CED3FC4689E1B7C /* Pods-Domashna_141156Tests.release.xcconfig */,
				53CFC0885C29DED9C086A99C /* Pods-Domashna_141156UITests.debug.xcconfig */,
				5612F3B5901191A3F87BFBF0 /* Pods-Domashna_141156UITests.release.xcconfig */,
			);
			name = Pods;
			sourceTree = "<group>";
		};
		BF4CA466167FC9D4B0397B52 /* Frameworks */ = {
			isa = PBXGroup;
			children = (
				38F0F476250BB369AD91BA66 /* Pods_Domashna_141156.framework */,
				681C0CF2642BDCDA5BABAFEB /* Pods_Domashna_141156Tests.framework */,
				C18E5044936D9E35123B11DF /* Pods_Domashna_141156UITests.framework */,
			);
			name = Frameworks;
			sourceTree = "<group>";
		};
		D10CB8EF1EA12FB800329AA5 = {
			isa = PBXGroup;
			children = (
				D10CB8FA1EA12FB800329AA5 /* Domashna_141156 */,
				D10CB90F1EA12FB900329AA5 /* Domashna_141156Tests */,
				D10CB91A1EA12FB900329AA5 /* Domashna_141156UITests */,
				D10CB8F91EA12FB800329AA5 /* Products */,
				BE5207E48A994FBDA7CEBB93 /* Pods */,
				BF4CA466167FC9D4B0397B52 /* Frameworks */,
			);
			sourceTree = "<group>";
		};
		D10CB8F91EA12FB800329AA5 /* Products */ = {
			isa = PBXGroup;
			children = (
				D10CB8F81EA12FB800329AA5 /* Domashna_141156.app */,
				D10CB90C1EA12FB900329AA5 /* Domashna_141156Tests.xctest */,
				D10CB9171EA12FB900329AA5 /* Domashna_141156UITests.xctest */,
			);
			name = Products;
			sourceTree = "<group>";
		};
		D10CB8FA1EA12FB800329AA5 /* Domashna_141156 */ = {
			isa = PBXGroup;
			children = (
				D10CB8FB1EA12FB800329AA5 /* AppDelegate.swift */,
				D13888111EA138F300F33516 /* SideMenuTableViewController.swift */,
				D10CB8FF1EA12FB800329AA5 /* Main.storyboard */,
				D1E185161EA4D9EC004CDBA7 /* AccelerometerViewController.swift */,
				D1E185141EA4C3C5004CDBA7 /* CameraViewController.swift */,
				D17900DA1EA3DBFF009EBF8F /* MapsAndLocationViewController.swift */,
				D1E185121EA4BF81004CDBA7 /* GDCViewController.swift */,
				D10CB9021EA12FB800329AA5 /* Assets.xcassets */,
				D10CB9041EA12FB800329AA5 /* LaunchScreen.storyboard */,
				D10CB9071EA12FB800329AA5 /* Info.plist */,
				D1E185181EA4EB3C004CDBA7 /* GoogleService-Info.plist */,
			);
			path = Domashna_141156;
			sourceTree = "<group>";
		};
		D10CB90F1EA12FB900329AA5 /* Domashna_141156Tests */ = {
			isa = PBXGroup;
			children = (
				D10CB9101EA12FB900329AA5 /* Domashna_141156Tests.swift */,
				D10CB9121EA12FB900329AA5 /* Info.plist */,
			);
			path = Domashna_141156Tests;
			sourceTree = "<group>";
		};
		D10CB91A1EA12FB900329AA5 /* Domashna_141156UITests */ = {
			isa = PBXGroup;
			children = (
				D10CB91B1EA12FB900329AA5 /* Domashna_141156UITests.swift */,
				D10CB91D1EA12FB900329AA5 /* Info.plist */,
			);
			path = Domashna_141156UITests;
			sourceTree = "<group>";
		};
/* End PBXGroup section */

/* Begin PBXNativeTarget section */
		D10CB8F71EA12FB800329AA5 /* Domashna_141156 */ = {
			isa = PBXNativeTarget;
			buildConfigurationList = D10CB9201EA12FB900329AA5 /* Build configuration list for PBXNativeTarget "Domashna_141156" */;
			buildPhases = (
				0B282BAB2FBB5FE317C9622F /* [CP] Check Pods Manifest.lock */,
				D10CB8F41EA12FB800329AA5 /* Sources */,
				D10CB8F51EA12FB800329AA5 /* Frameworks */,
				D10CB8F61EA12FB800329AA5 /* Resources */,
				C5B878C83C339C0D8D93131C /* [CP] Embed Pods Frameworks */,
				AD892AAC4BCBE1B50FF98C51 /* [CP] Copy Pods Resources */,
			);
			buildRules = (
			);
			dependencies = (
			);
			name = Domashna_141156;
			productName = Domashna_141156;
			productReference = D10CB8F81EA12FB800329AA5 /* Domashna_141156.app */;
			productType = "com.apple.product-type.application";
		};
		D10CB90B1EA12FB900329AA5 /* Domashna_141156Tests */ = {
			isa = PBXNativeTarget;
			buildConfigurationList = D10CB9231EA12FB900329AA5 /* Build configuration list for PBXNativeTarget "Domashna_141156Tests" */;
			buildPhases = (
				8FE77B2E92C93D033D536542 /* [CP] Check Pods Manifest.lock */,
				D10CB9081EA12FB900329AA5 /* Sources */,
				D10CB9091EA12FB900329AA5 /* Frameworks */,
				D10CB90A1EA12FB900329AA5 /* Resources */,
				B1E6805DAF73D3769073194A /* [CP] Embed Pods Frameworks */,
				67575D451D071EF2265A2BD5 /* [CP] Copy Pods Resources */,
			);
			buildRules = (
			);
			dependencies = (
				D10CB90E1EA12FB900329AA5 /* PBXTargetDependency */,
			);
			name = Domashna_141156Tests;
			productName = Domashna_141156Tests;
			productReference = D10CB90C1EA12FB900329AA5 /* Domashna_141156Tests.xctest */;
			productType = "com.apple.product-type.bundle.unit-test";
		};
		D10CB9161EA12FB900329AA5 /* Domashna_141156UITests */ = {
			isa = PBXNativeTarget;
			buildConfigurationList = D10CB9261EA12FB900329AA5 /* Build configuration list for PBXNativeTarget "Domashna_141156UITests" */;
			buildPhases = (
				1E28A8FCFA4C5EACAA2568D9 /* [CP] Check Pods Manifest.lock */,
				D10CB9131EA12FB900329AA5 /* Sources */,
				D10CB9141EA12FB900329AA5 /* Frameworks */,
				D10CB9151EA12FB900329AA5 /* Resources */,
				1BD66AEC61329D22D38B093C /* [CP] Embed Pods Frameworks */,
				F416229C312F03ACA86445E2 /* [CP] Copy Pods Resources */,
			);
			buildRules = (
			);
			dependencies = (
				D10CB9191EA12FB900329AA5 /* PBXTargetDependency */,
			);
			name = Domashna_141156UITests;
			productName = Domashna_141156UITests;
			productReference = D10CB9171EA12FB900329AA5 /* Domashna_141156UITests.xctest */;
			productType = "com.apple.product-type.bundle.ui-testing";
		};
/* End PBXNativeTarget section */

/* Begin PBXProject section */
		D10CB8F01EA12FB800329AA5 /* Project object */ = {
			isa = PBXProject;
			attributes = {
				LastSwiftUpdateCheck = 0830;
				LastUpgradeCheck = 0830;
				ORGANIZATIONNAME = "Filip Sardzoski";
				TargetAttributes = {
					D10CB8F71EA12FB800329AA5 = {
						CreatedOnToolsVersion = 8.3.1;
						DevelopmentTeam = 5F6VXBM4CU;
						ProvisioningStyle = Automatic;
					};
					D10CB90B1EA12FB900329AA5 = {
						CreatedOnToolsVersion = 8.3.1;
						DevelopmentTeam = 5F6VXBM4CU;
						ProvisioningStyle = Automatic;
						TestTargetID = D10CB8F71EA12FB800329AA5;
					};
					D10CB9161EA12FB900329AA5 = {
						CreatedOnToolsVersion = 8.3.1;
						DevelopmentTeam = 5F6VXBM4CU;
						ProvisioningStyle = Automatic;
						TestTargetID = D10CB8F71EA12FB800329AA5;
					};
				};
			};
			buildConfigurationList = D10CB8F31EA12FB800329AA5 /* Build configuration list for PBXProject "Domashna_141156" */;
			compatibilityVersion = "Xcode 3.2";
			developmentRegion = English;
			hasScannedForEncodings = 0;
			knownRegions = (
				en,
				Base,
			);
			mainGroup = D10CB8EF1EA12FB800329AA5;
			productRefGroup = D10CB8F91EA12FB800329AA5 /* Products */;
			projectDirPath = "";
			projectRoot = "";
			targets = (
				D10CB8F71EA12FB800329AA5 /* Domashna_141156 */,
				D10CB90B1EA12FB900329AA5 /* Domashna_141156Tests */,
				D10CB9161EA12FB900329AA5 /* Domashna_141156UITests */,
			);
		};
/* End PBXProject section */

/* Begin PBXResourcesBuildPhase section */
		D10CB8F61EA12FB800329AA5 /* Resources */ = {
			isa = PBXResourcesBuildPhase;
			buildActionMask = 2147483647;
			files = (
				D10CB9061EA12FB800329AA5 /* LaunchScreen.storyboard in Resources */,
				D1E185191EA4EB3C004CDBA7 /* GoogleService-Info.plist in Resources */,
				D10CB9031EA12FB800329AA5 /* Assets.xcassets in Resources */,
				D10CB9011EA12FB800329AA5 /* Main.storyboard in Resources */,
			);
			runOnlyForDeploymentPostprocessing = 0;
		};
		D10CB90A1EA12FB900329AA5 /* Resources */ = {
			isa = PBXResourcesBuildPhase;
			buildActionMask = 2147483647;
			files = (
			);
			runOnlyForDeploymentPostprocessing = 0;
		};
		D10CB9151EA12FB900329AA5 /* Resources */ = {
			isa = PBXResourcesBuildPhase;
			buildActionMask = 2147483647;
			files = (
			);
			runOnlyForDeploymentPostprocessing = 0;
		};
/* End PBXResourcesBuildPhase section */

/* Begin PBXShellScriptBuildPhase section */
		0B282BAB2FBB5FE317C9622F /* [CP] Check Pods Manifest.lock */ = {
			isa = PBXShellScriptBuildPhase;
			buildActionMask = 2147483647;
			files = (
			);
			inputPaths = (
			);
			name = "[CP] Check Pods Manifest.lock";
			outputPaths = (
			);
			runOnlyForDeploymentPostprocessing = 0;
			shellPath = /bin/sh;
			shellScript = "diff \"${PODS_PODFILE_DIR_PATH}/Podfile.lock\" \"${PODS_ROOT}/Manifest.lock\" > /dev/null\nif [ $? != 0 ] ; then\n    # print error to STDERR\n    echo \"error: The sandbox is not in sync with the Podfile.lock. Run 'pod install' or update your CocoaPods installation.\" >&2\n    exit 1\nfi\n";
			showEnvVarsInLog = 0;
		};
		1BD66AEC61329D22D38B093C /* [CP] Embed Pods Frameworks */ = {
			isa = PBXShellScriptBuildPhase;
			buildActionMask = 2147483647;
			files = (
			);
			inputPaths = (
			);
			name = "[CP] Embed Pods Frameworks";
			outputPaths = (
			);
			runOnlyForDeploymentPostprocessing = 0;
			shellPath = /bin/sh;
			shellScript = "\"${SRCROOT}/Pods/Target Support Files/Pods-Domashna_141156UITests/Pods-Domashna_141156UITests-frameworks.sh\"\n";
			showEnvVarsInLog = 0;
		};
		1E28A8FCFA4C5EACAA2568D9 /* [CP] Check Pods Manifest.lock */ = {
			isa = PBXShellScriptBuildPhase;
			buildActionMask = 2147483647;
			files = (
			);
			inputPaths = (
			);
			name = "[CP] Check Pods Manifest.lock";
			outputPaths = (
			);
			runOnlyForDeploymentPostprocessing = 0;
			shellPath = /bin/sh;
			shellScript = "diff \"${PODS_PODFILE_DIR_PATH}/Podfile.lock\" \"${PODS_ROOT}/Manifest.lock\" > /dev/null\nif [ $? != 0 ] ; then\n    # print error to STDERR\n    echo \"error: The sandbox is not in sync with the Podfile.lock. Run 'pod install' or update your CocoaPods installation.\" >&2\n    exit 1\nfi\n";
			showEnvVarsInLog = 0;
		};
		67575D451D071EF2265A2BD5 /* [CP] Copy Pods Resources */ = {
			isa = PBXShellScriptBuildPhase;
			buildActionMask = 2147483647;
			files = (
			);
			inputPaths = (
			);
			name = "[CP] Copy Pods Resources";
			outputPaths = (
			);
			runOnlyForDeploymentPostprocessing = 0;
			shellPath = /bin/sh;
			shellScript = "\"${SRCROOT}/Pods/Target Support Files/Pods-Domashna_141156Tests/Pods-Domashna_141156Tests-resources.sh\"\n";
			showEnvVarsInLog = 0;
		};
		8FE77B2E92C93D033D536542 /* [CP] Check Pods Manifest.lock */ = {
			isa = PBXShellScriptBuildPhase;
			buildActionMask = 2147483647;
			files = (
			);
			inputPaths = (
			);
			name = "[CP] Check Pods Manifest.lock";
			outputPaths = (
			);
			runOnlyForDeploymentPostprocessing = 0;
			shellPath = /bin/sh;
			shellScript = "diff \"${PODS_PODFILE_DIR_PATH}/Podfile.lock\" \"${PODS_ROOT}/Manifest.lock\" > /dev/null\nif [ $? != 0 ] ; then\n    # print error to STDERR\n    echo \"error: The sandbox is not in sync with the Podfile.lock. Run 'pod install' or update your CocoaPods installation.\" >&2\n    exit 1\nfi\n";
			showEnvVarsInLog = 0;
		};
		AD892AAC4BCBE1B50FF98C51 /* [CP] Copy Pods Resources */ = {
			isa = PBXShellScriptBuildPhase;
			buildActionMask = 2147483647;
			files = (
			);
			inputPaths = (
			);
			name = "[CP] Copy Pods Resources";
			outputPaths = (
			);
			runOnlyForDeploymentPostprocessing = 0;
			shellPath = /bin/sh;
			shellScript = "\"${SRCROOT}/Pods/Target Support Files/Pods-Domashna_141156/Pods-Domashna_141156-resources.sh\"\n";
			showEnvVarsInLog = 0;
		};
		B1E6805DAF73D3769073194A /* [CP] Embed Pods Frameworks */ = {
			isa = PBXShellScriptBuildPhase;
			buildActionMask = 2147483647;
			files = (
			);
			inputPaths = (
			);
			name = "[CP] Embed Pods Frameworks";
			outputPaths = (
			);
			runOnlyForDeploymentPostprocessing = 0;
			shellPath = /bin/sh;
			shellScript = "\"${SRCROOT}/Pods/Target Support Files/Pods-Domashna_141156Tests/Pods-Domashna_141156Tests-frameworks.sh\"\n";
			showEnvVarsInLog = 0;
		};
		C5B878C83C339C0D8D93131C /* [CP] Embed Pods Frameworks */ = {
			isa = PBXShellScriptBuildPhase;
			buildActionMask = 2147483647;
			files = (
			);
			inputPaths = (
			);
			name = "[CP] Embed Pods Frameworks";
			outputPaths = (
			);
			runOnlyForDeploymentPostprocessing = 0;
			shellPath = /bin/sh;
			shellScript = "\"${SRCROOT}/Pods/Target Support Files/Pods-Domashna_141156/Pods-Domashna_141156-frameworks.sh\"\n";
			showEnvVarsInLog = 0;
		};
		F416229C312F03ACA86445E2 /* [CP] Copy Pods Resources */ = {
			isa = PBXShellScriptBuildPhase;
			buildActionMask = 2147483647;
			files = (
			);
			inputPaths = (
			);
			name = "[CP] Copy Pods Resources";
			outputPaths = (
			);
			runOnlyForDeploymentPostprocessing = 0;
			shellPath = /bin/sh;
			shellScript = "\"${SRCROOT}/Pods/Target Support Files/Pods-Domashna_141156UITests/Pods-Domashna_141156UITests-resources.sh\"\n";
			showEnvVarsInLog = 0;
		};
/* End PBXShellScriptBuildPhase section */

/* Begin PBXSourcesBuildPhase section */
		D10CB8F41EA12FB800329AA5 /* Sources */ = {
			isa = PBXSourcesBuildPhase;
			buildActionMask = 2147483647;
			files = (
				D17900DB1EA3DBFF009EBF8F /* MapsAndLocationViewController.swift in Sources */,
				D1E185151EA4C3C5004CDBA7 /* CameraViewController.swift in Sources */,
				D1E185171EA4D9EC004CDBA7 /* AccelerometerViewController.swift in Sources */,
				D13888121EA138F300F33516 /* SideMenuTableViewController.swift in Sources */,
				D10CB8FC1EA12FB800329AA5 /* AppDelegate.swift in Sources */,
				D1E185131EA4BF81004CDBA7 /* GDCViewController.swift in Sources */,
			);
			runOnlyForDeploymentPostprocessing = 0;
		};
		D10CB9081EA12FB900329AA5 /* Sources */ = {
			isa = PBXSourcesBuildPhase;
			buildActionMask = 2147483647;
			files = (
				D10CB9111EA12FB900329AA5 /* Domashna_141156Tests.swift in Sources */,
			);
			runOnlyForDeploymentPostprocessing = 0;
		};
		D10CB9131EA12FB900329AA5 /* Sources */ = {
			isa = PBXSourcesBuildPhase;
			buildActionMask = 2147483647;
			files = (
				D10CB91C1EA12FB900329AA5 /* Domashna_141156UITests.swift in Sources */,
			);
			runOnlyForDeploymentPostprocessing = 0;
		};
/* End PBXSourcesBuildPhase section */

/* Begin PBXTargetDependency section */
		D10CB90E1EA12FB900329AA5 /* PBXTargetDependency */ = {
			isa = PBXTargetDependency;
			target = D10CB8F71EA12FB800329AA5 /* Domashna_141156 */;
			targetProxy = D10CB90D1EA12FB900329AA5 /* PBXContainerItemProxy */;
		};
		D10CB9191EA12FB900329AA5 /* PBXTargetDependency */ = {
			isa = PBXTargetDependency;
			target = D10CB8F71EA12FB800329AA5 /* Domashna_141156 */;
			targetProxy = D10CB9181EA12FB900329AA5 /* PBXContainerItemProxy */;
		};
/* End PBXTargetDependency section */

/* Begin PBXVariantGroup section */
		D10CB8FF1EA12FB800329AA5 /* Main.storyboard */ = {
			isa = PBXVariantGroup;
			children = (
				D10CB9001EA12FB800329AA5 /* Base */,
			);
			name = Main.storyboard;
			sourceTree = "<group>";
		};
		D10CB9041EA12FB800329AA5 /* LaunchScreen.storyboard */ = {
			isa = PBXVariantGroup;
			children = (
				D10CB9051EA12FB800329AA5 /* Base */,
			);
			name = LaunchScreen.storyboard;
			sourceTree = "<group>";
		};
/* End PBXVariantGroup section */

/* Begin XCBuildConfiguration section */
		D10CB91E1EA12FB900329AA5 /* Debug */ = {
			isa = XCBuildConfiguration;
			buildSettings = {
				ALWAYS_SEARCH_USER_PATHS = NO;
				CLANG_ANALYZER_NONNULL = YES;
				CLANG_ANALYZER_NUMBER_OBJECT_CONVERSION = YES_AGGRESSIVE;
				CLANG_CXX_LANGUAGE_STANDARD = "gnu++0x";
				CLANG_CXX_LIBRARY = "libc++";
				CLANG_ENABLE_MODULES = YES;
				CLANG_ENABLE_OBJC_ARC = YES;
				CLANG_WARN_BOOL_CONVERSION = YES;
				CLANG_WARN_CONSTANT_CONVERSION = YES;
				CLANG_WARN_DIRECT_OBJC_ISA_USAGE = YES_ERROR;
				CLANG_WARN_DOCUMENTATION_COMMENTS = YES;
				CLANG_WARN_EMPTY_BODY = YES;
				CLANG_WARN_ENUM_CONVERSION = YES;
				CLANG_WARN_INFINITE_RECURSION = YES;
				CLANG_WARN_INT_CONVERSION = YES;
				CLANG_WARN_OBJC_ROOT_CLASS = YES_ERROR;
				CLANG_WARN_SUSPICIOUS_MOVE = YES;
				CLANG_WARN_UNREACHABLE_CODE = YES;
				CLANG_WARN__DUPLICATE_METHOD_MATCH = YES;
				"CODE_SIGN_IDENTITY[sdk=iphoneos*]" = "iPhone Developer";
				COPY_PHASE_STRIP = NO;
				DEBUG_INFORMATION_FORMAT = dwarf;
				ENABLE_STRICT_OBJC_MSGSEND = YES;
				ENABLE_TESTABILITY = YES;
				GCC_C_LANGUAGE_STANDARD = gnu99;
				GCC_DYNAMIC_NO_PIC = NO;
				GCC_NO_COMMON_BLOCKS = YES;
				GCC_OPTIMIZATION_LEVEL = 0;
				GCC_PREPROCESSOR_DEFINITIONS = (
					"DEBUG=1",
					"$(inherited)",
				);
				GCC_WARN_64_TO_32_BIT_CONVERSION = YES;
				GCC_WARN_ABOUT_RETURN_TYPE = YES_ERROR;
				GCC_WARN_UNDECLARED_SELECTOR = YES;
				GCC_WARN_UNINITIALIZED_AUTOS = YES_AGGRESSIVE;
				GCC_WARN_UNUSED_FUNCTION = YES;
				GCC_WARN_UNUSED_VARIABLE = YES;
				IPHONEOS_DEPLOYMENT_TARGET = 10.3;
				MTL_ENABLE_DEBUG_INFO = YES;
				ONLY_ACTIVE_ARCH = YES;
				SDKROOT = iphoneos;
				SWIFT_ACTIVE_COMPILATION_CONDITIONS = DEBUG;
				SWIFT_OPTIMIZATION_LEVEL = "-Onone";
				TARGETED_DEVICE_FAMILY = "1,2";
			};
			name = Debug;
		};
		D10CB91F1EA12FB900329AA5 /* Release */ = {
			isa = XCBuildConfiguration;
			buildSettings = {
				ALWAYS_SEARCH_USER_PATHS = NO;
				CLANG_ANALYZER_NONNULL = YES;
				CLANG_ANALYZER_NUMBER_OBJECT_CONVERSION = YES_AGGRESSIVE;
				CLANG_CXX_LANGUAGE_STANDARD = "gnu++0x";
				CLANG_CXX_LIBRARY = "libc++";
				CLANG_ENABLE_MODULES = YES;
				CLANG_ENABLE_OBJC_ARC = YES;
				CLANG_WARN_BOOL_CONVERSION = YES;
				CLANG_WARN_CONSTANT_CONVERSION = YES;
				CLANG_WARN_DIRECT_OBJC_ISA_USAGE = YES_ERROR;
				CLANG_WARN_DOCUMENTATION_COMMENTS = YES;
				CLANG_WARN_EMPTY_BODY = YES;
				CLANG_WARN_ENUM_CONVERSION = YES;
				CLANG_WARN_INFINITE_RECURSION = YES;
				CLANG_WARN_INT_CONVERSION = YES;
				CLANG_WARN_OBJC_ROOT_CLASS = YES_ERROR;
				CLANG_WARN_SUSPICIOUS_MOVE = YES;
				CLANG_WARN_UNREACHABLE_CODE = YES;
				CLANG_WARN__DUPLICATE_METHOD_MATCH = YES;
				"CODE_SIGN_IDENTITY[sdk=iphoneos*]" = "iPhone Developer";
				COPY_PHASE_STRIP = NO;
				DEBUG_INFORMATION_FORMAT = "dwarf-with-dsym";
				ENABLE_NS_ASSERTIONS = NO;
				ENABLE_STRICT_OBJC_MSGSEND = YES;
				GCC_C_LANGUAGE_STANDARD = gnu99;
				GCC_NO_COMMON_BLOCKS = YES;
				GCC_WARN_64_TO_32_BIT_CONVERSION = YES;
				GCC_WARN_ABOUT_RETURN_TYPE = YES_ERROR;
				GCC_WARN_UNDECLARED_SELECTOR = YES;
				GCC_WARN_UNINITIALIZED_AUTOS = YES_AGGRESSIVE;
				GCC_WARN_UNUSED_FUNCTION = YES;
				GCC_WARN_UNUSED_VARIABLE = YES;
				IPHONEOS_DEPLOYMENT_TARGET = 10.3;
				MTL_ENABLE_DEBUG_INFO = NO;
				SDKROOT = iphoneos;
				SWIFT_OPTIMIZATION_LEVEL = "-Owholemodule";
				TARGETED_DEVICE_FAMILY = "1,2";
				VALIDATE_PRODUCT = YES;
			};
			name = Release;
		};
		D10CB9211EA12FB900329AA5 /* Debug */ = {
			isa = XCBuildConfiguration;
			baseConfigurationReference = 17FC4E8A697381C267CF85FE /* Pods-Domashna_141156.debug.xcconfig */;
			buildSettings = {
				ASSETCATALOG_COMPILER_APPICON_NAME = AppIcon;
				DEVELOPMENT_TEAM = 5F6VXBM4CU;
				INFOPLIST_FILE = Domashna_141156/Info.plist;
				LD_RUNPATH_SEARCH_PATHS = "$(inherited) @executable_path/Frameworks";
				PRODUCT_BUNDLE_IDENTIFIER = "com.sardzoski.Domashna-141156";
				PRODUCT_NAME = "$(TARGET_NAME)";
				SWIFT_VERSION = 3.0;
			};
			name = Debug;
		};
		D10CB9221EA12FB900329AA5 /* Release */ = {
			isa = XCBuildConfiguration;
			baseConfigurationReference = 6433F46878D593184F6D94F9 /* Pods-Domashna_141156.release.xcconfig */;
			buildSettings = {
				ASSETCATALOG_COMPILER_APPICON_NAME = AppIcon;
				DEVELOPMENT_TEAM = 5F6VXBM4CU;
				INFOPLIST_FILE = Domashna_141156/Info.plist;
				LD_RUNPATH_SEARCH_PATHS = "$(inherited) @executable_path/Frameworks";
				PRODUCT_BUNDLE_IDENTIFIER = "com.sardzoski.Domashna-141156";
				PRODUCT_NAME = "$(TARGET_NAME)";
				SWIFT_VERSION = 3.0;
			};
			name = Release;
		};
		D10CB9241EA12FB900329AA5 /* Debug */ = {
			isa = XCBuildConfiguration;
			baseConfigurationReference = 41690093AE3537CC0E9D3330 /* Pods-Domashna_141156Tests.debug.xcconfig */;
			buildSettings = {
				ALWAYS_EMBED_SWIFT_STANDARD_LIBRARIES = YES;
				BUNDLE_LOADER = "$(TEST_HOST)";
				DEVELOPMENT_TEAM = 5F6VXBM4CU;
				INFOPLIST_FILE = Domashna_141156Tests/Info.plist;
				LD_RUNPATH_SEARCH_PATHS = "$(inherited) @executable_path/Frameworks @loader_path/Frameworks";
				PRODUCT_BUNDLE_IDENTIFIER = "com.sardzoski.Domashna-141156Tests";
				PRODUCT_NAME = "$(TARGET_NAME)";
				SWIFT_VERSION = 3.0;
				TEST_HOST = "$(BUILT_PRODUCTS_DIR)/Domashna_141156.app/Domashna_141156";
			};
			name = Debug;
		};
		D10CB9251EA12FB900329AA5 /* Release */ = {
			isa = XCBuildConfiguration;
			baseConfigurationReference = 1BFB98D04CED3FC4689E1B7C /* Pods-Domashna_141156Tests.release.xcconfig */;
			buildSettings = {
				ALWAYS_EMBED_SWIFT_STANDARD_LIBRARIES = YES;
				BUNDLE_LOADER = "$(TEST_HOST)";
				DEVELOPMENT_TEAM = 5F6VXBM4CU;
				INFOPLIST_FILE = Domashna_141156Tests/Info.plist;
				LD_RUNPATH_SEARCH_PATHS = "$(inherited) @executable_path/Frameworks @loader_path/Frameworks";
				PRODUCT_BUNDLE_IDENTIFIER = "com.sardzoski.Domashna-141156Tests";
				PRODUCT_NAME = "$(TARGET_NAME)";
				SWIFT_VERSION = 3.0;
				TEST_HOST = "$(BUILT_PRODUCTS_DIR)/Domashna_141156.app/Domashna_141156";
			};
			name = Release;
		};
		D10CB9271EA12FB900329AA5 /* Debug */ = {
			isa = XCBuildConfiguration;
			baseConfigurationReference = 53CFC0885C29DED9C086A99C /* Pods-Domashna_141156UITests.debug.xcconfig */;
			buildSettings = {
				ALWAYS_EMBED_SWIFT_STANDARD_LIBRARIES = YES;
				DEVELOPMENT_TEAM = 5F6VXBM4CU;
				INFOPLIST_FILE = Domashna_141156UITests/Info.plist;
				LD_RUNPATH_SEARCH_PATHS = "$(inherited) @executable_path/Frameworks @loader_path/Frameworks";
				PRODUCT_BUNDLE_IDENTIFIER = "com.sardzoski.Domashna-141156UITests";
				PRODUCT_NAME = "$(TARGET_NAME)";
				SWIFT_VERSION = 3.0;
				TEST_TARGET_NAME = Domashna_141156;
			};
			name = Debug;
		};
		D10CB9281EA12FB900329AA5 /* Release */ = {
			isa = XCBuildConfiguration;
			baseConfigurationReference = 5612F3B5901191A3F87BFBF0 /* Pods-Domashna_141156UITests.release.xcconfig */;
			buildSettings = {
				ALWAYS_EMBED_SWIFT_STANDARD_LIBRARIES = YES;
				DEVELOPMENT_TEAM = 5F6VXBM4CU;
				INFOPLIST_FILE = Domashna_141156UITests/Info.plist;
				LD_RUNPATH_SEARCH_PATHS = "$(inherited) @executable_path/Frameworks @loader_path/Frameworks";
				PRODUCT_BUNDLE_IDENTIFIER = "com.sardzoski.Domashna-141156UITests";
				PRODUCT_NAME = "$(TARGET_NAME)";
				SWIFT_VERSION = 3.0;
				TEST_TARGET_NAME = Domashna_141156;
			};
			name = Release;
		};
/* End XCBuildConfiguration section */

/* Begin XCConfigurationList section */
		D10CB8F31EA12FB800329AA5 /* Build configuration list for PBXProject "Domashna_141156" */ = {
			isa = XCConfigurationList;
			buildConfigurations = (
				D10CB91E1EA12FB900329AA5 /* Debug */,
				D10CB91F1EA12FB900329AA5 /* Release */,
			);
			defaultConfigurationIsVisible = 0;
			defaultConfigurationName = Release;
		};
		D10CB9201EA12FB900329AA5 /* Build configuration list for PBXNativeTarget "Domashna_141156" */ = {
			isa = XCConfigurationList;
			buildConfigurations = (
				D10CB9211EA12FB900329AA5 /* Debug */,
				D10CB9221EA12FB900329AA5 /* Release */,
			);
			defaultConfigurationIsVisible = 0;
			defaultConfigurationName = Release;
		};
		D10CB9231EA12FB900329AA5 /* Build configuration list for PBXNativeTarget "Domashna_141156Tests" */ = {
			isa = XCConfigurationList;
			buildConfigurations = (
				D10CB9241EA12FB900329AA5 /* Debug */,
				D10CB9251EA12FB900329AA5 /* Release */,
			);
			defaultConfigurationIsVisible = 0;
			defaultConfigurationName = Release;
		};
		D10CB9261EA12FB900329AA5 /* Build configuration list for PBXNativeTarget "Domashna_141156UITests" */ = {
			isa = XCConfigurationList;
			buildConfigurations = (
				D10CB9271EA12FB900329AA5 /* Debug */,
				D10CB9281EA12FB900329AA5 /* Release */,
			);
			defaultConfigurationIsVisible = 0;
			defaultConfigurationName = Release;
		};
/* End XCConfigurationList section */
	};
	rootObject = D10CB8F01EA12FB800329AA5 /* Project object */;
}
